<?xml version="1.0" encoding="utf-8"?>
<Project ToolsVersion="4.0" xmlns="http://schemas.microsoft.com/developer/msbuild/2003">
  <ItemGroup>
    <Filter Include="Source Files">
      <UniqueIdentifier>{4FC737F1-C7A5-4376-A066-2A32D752A2FF}</UniqueIdentifier>
      <Extensions>cpp;c;cc;cxx;def;odl;idl;hpj;bat;asm;asmx</Extensions>
    </Filter>
    <Filter Include="Header Files">
      <UniqueIdentifier>{93995380-89BD-4b04-88EB-625FBE52EBFB}</UniqueIdentifier>
      <Extensions>h;hh;hpp;hxx;hm;inl;inc;xsd</Extensions>
    </Filter>
    <Filter Include="Resource Files">
      <UniqueIdentifier>{67DA6AB6-F800-4c08-8B7A-83BB121AAD01}</UniqueIdentifier>
      <Extensions>rc;ico;cur;bmp;dlg;rc2;rct;bin;rgs;gif;jpg;jpeg;jpe;resx;tiff;tif;png;wav;mfcribbon-ms</Extensions>
    </Filter>
    <Filter Include="Source Files\Services">
      <UniqueIdentifier>{9019e8e3-ce45-463b-8407-9505bce3f954}</UniqueIdentifier>
    </Filter>
    <Filter Include="Header Files\Services">
      <UniqueIdentifier>{dda94dae-d6c2-4050-a5f9-baf9c95538c5}</UniqueIdentifier>
    </Filter>
    <Filter Include="Source Files\ViewInfrastructure">
      <UniqueIdentifier>{51a2da62-72b0-4efb-8448-c0488fb7d971}</UniqueIdentifier>
    </Filter>
    <Filter Include="Header Files\ViewInfrastructure">
      <UniqueIdentifier>{5cfabd1e-0121-4f43-8167-a0f9d0e38672}</UniqueIdentifier>
    </Filter>
    <Filter Include="Source Files\Screens">
      <UniqueIdentifier>{987048e5-904e-4585-83f7-36870250a442}</UniqueIdentifier>
    </Filter>
    <Filter Include="Header Files\Screens">
      <UniqueIdentifier>{3e8b6dfb-3e17-4192-b85c-0084357bd5d8}</UniqueIdentifier>
    </Filter>
    <Filter Include="Header Files\main">
      <UniqueIdentifier>{ad84f4dd-99d3-491e-a14b-1c68b9d6bd3a}</UniqueIdentifier>
    </Filter>
    <Filter Include="Source Files\main">
      <UniqueIdentifier>{54ec056b-0eb9-4515-a08d-fc69ae60c706}</UniqueIdentifier>
    </Filter>
    <Filter Include="Header Files\ModelInfrastructure">
      <UniqueIdentifier>{a16d60f0-01ca-4f8d-91eb-f0942659f89b}</UniqueIdentifier>
    </Filter>
    <Filter Include="Source Files\ModelInfrastructure">
      <UniqueIdentifier>{0ad21212-ec0e-4a3c-8ba2-d681ec9c7448}</UniqueIdentifier>
    </Filter>
  </ItemGroup>
  <ItemGroup>
    <ClInclude Include="src\main\ListUtils.h">
      <Filter>Header Files\main</Filter>
    </ClInclude>
    <ClInclude Include="src\main\MiniMax.h">
      <Filter>Header Files\main</Filter>
    </ClInclude>
    <ClInclude Include="src\main\MiniMaxWithAlphaBeta.h">
      <Filter>Header Files\main</Filter>
    </ClInclude>
    <ClInclude Include="src\main\ConsoleMode.h">
      <Filter>Header Files\main</Filter>
    </ClInclude>
    <ClInclude Include="src\ModelInfrastructure\gui.h">
      <Filter>Header Files\ModelInfrastructure</Filter>
    </ClInclude>
    <ClInclude Include="src\ModelInfrastructure\GuiFactory.h">
      <Filter>Header Files\ModelInfrastructure</Filter>
    </ClInclude>
    <ClInclude Include="src\ModelInfrastructure\Model.h">
      <Filter>Header Files\ModelInfrastructure</Filter>
    </ClInclude>
    <ClInclude Include="src\Screens\ChooseSkill.h">
      <Filter>Header Files\Screens</Filter>
    </ClInclude>
    <ClInclude Include="src\Screens\ChooseType.h">
      <Filter>Header Files\Screens</Filter>
    </ClInclude>
    <ClInclude Include="src\Screens\GameWindow.h">
      <Filter>Header Files\Screens</Filter>
    </ClInclude>
    <ClInclude Include="src\Screens\InvalidWorld.h">
      <Filter>Header Files\Screens</Filter>
    </ClInclude>
    <ClInclude Include="src\Screens\MainMenu.h">
      <Filter>Header Files\Screens</Filter>
    </ClInclude>
    <ClInclude Include="src\Screens\PlayGame.h">
      <Filter>Header Files\Screens</Filter>
    </ClInclude>
    <ClInclude Include="src\Screens\SelectWorld.h">
      <Filter>Header Files\Screens</Filter>
    </ClInclude>
    <ClInclude Include="src\Screens\WorldBuilder.h">
      <Filter>Header Files\Screens</Filter>
    </ClInclude>
    <ClInclude Include="src\Screens\ChooseMenu.h">
      <Filter>Header Files\Screens</Filter>
    </ClInclude>
    <ClInclude Include="src\Services\EvaluationService.h">
      <Filter>Header Files\Services</Filter>
    </ClInclude>
    <ClInclude Include="src\Services\MoveService.h">
      <Filter>Header Files\Services</Filter>
    </ClInclude>
    <ClInclude Include="src\Services\WorldFileService.h">
      <Filter>Header Files\Services</Filter>
    </ClInclude>
    <ClInclude Include="src\ViewInfrastructure\Widget.h">
      <Filter>Header Files\ViewInfrastructure</Filter>
    </ClInclude>
    <ClInclude Include="src\ViewInfrastructure\Panel.h">
      <Filter>Header Files\ViewInfrastructure</Filter>
    </ClInclude>
    <ClInclude Include="src\ViewInfrastructure\Label.h">
      <Filter>Header Files\ViewInfrastructure</Filter>
    </ClInclude>
    <ClInclude Include="src\ViewInfrastructure\Button.h">
      <Filter>Header Files\ViewInfrastructure</Filter>
    </ClInclude>
    <ClInclude Include="src\ViewInfrastructure\BitmapFont.h">
      <Filter>Header Files\ViewInfrastructure</Filter>
    </ClInclude>
    <ClInclude Include="src\ViewInfrastructure\Window.h">
      <Filter>Header Files\ViewInfrastructure</Filter>
    </ClInclude>
  </ItemGroup>
  <ItemGroup>
    <ClCompile Include="src\main\ConsoleMode.c">
      <Filter>Source Files\main</Filter>
    </ClCompile>
    <ClCompile Include="src\main\ListUtils.c">
      <Filter>Source Files\main</Filter>
    </ClCompile>
    <ClCompile Include="src\main\MiniMax.c">
      <Filter>Source Files\main</Filter>
    </ClCompile>
    <ClCompile Include="src\main\CatAndMouse.c">
      <Filter>Source Files\main</Filter>
    </ClCompile>
    <ClCompile Include="src\ModelInfrastructure\GuiFactory.c">
      <Filter>Source Files\ModelInfrastructure</Filter>
    </ClCompile>
    <ClCompile Include="src\ModelInfrastructure\Model.c">
      <Filter>Source Files\ModelInfrastructure</Filter>
    </ClCompile>
    <ClCompile Include="src\Screens\ChooseType.c">
      <Filter>Source Files\Screens</Filter>
    </ClCompile>
    <ClCompile Include="src\Screens\GameWindow.c">
      <Filter>Source Files\Screens</Filter>
    </ClCompile>
    <ClCompile Include="src\Screens\InvalidWorld.c">
      <Filter>Source Files\Screens</Filter>
    </ClCompile>
    <ClCompile Include="src\Screens\MainMenu.c">
      <Filter>Source Files\Screens</Filter>
    </ClCompile>
    <ClCompile Include="src\Screens\PlayGame.c">
      <Filter>Source Files\Screens</Filter>
    </ClCompile>
    <ClCompile Include="src\Screens\SelectWorld.c">
      <Filter>Source Files\Screens</Filter>
    </ClCompile>
    <ClCompile Include="src\Screens\WorldBuilder.c">
      <Filter>Source Files\Screens</Filter>
    </ClCompile>
    <ClCompile Include="src\Screens\ChooseMenu.c">
      <Filter>Source Files\Screens</Filter>
    </ClCompile>
    <ClCompile Include="src\Screens\ChooseSkill.c">
      <Filter>Source Files\Screens</Filter>
    </ClCompile>
    <ClCompile Include="src\Services\EvaluationService.c">
      <Filter>Source Files\Services</Filter>
    </ClCompile>
    <ClCompile Include="src\Services\MoveService.c">
      <Filter>Source Files\Services</Filter>
    </ClCompile>
    <ClCompile Include="src\Services\WorldFileService.c">
      <Filter>Source Files\Services</Filter>
    </ClCompile>
    <ClCompile Include="src\ViewInfrastructure\Window.c">
      <Filter>Source Files\ViewInfrastructure</Filter>
    </ClCompile>
    <ClCompile Include="src\ViewInfrastructure\Widget.c">
      <Filter>Source Files\ViewInfrastructure</Filter>
    </ClCompile>
    <ClCompile Include="src\ViewInfrastructure\Panel.c">
      <Filter>Source Files\ViewInfrastructure</Filter>
    </ClCompile>
    <ClCompile Include="src\ViewInfrastructure\Label.c">
      <Filter>Source Files\ViewInfrastructure</Filter>
    </ClCompile>
    <ClCompile Include="src\ViewInfrastructure\Button.c">
      <Filter>Source Files\ViewInfrastructure</Filter>
    </ClCompile>
    <ClCompile Include="src\ViewInfrastructure\BitmapFont.c">
      <Filter>Source Files\ViewInfrastructure</Filter>
    </ClCompile>
  </ItemGroup>
</Project>